<?xml version="1.0" encoding="utf-8"?>
<Project ToolsVersion="4.0" xmlns="http://schemas.microsoft.com/developer/msbuild/2003">
  <ItemGroup>
    <ClCompile Include="src\vscene.cpp">
      <Filter>源文件</Filter>
    </ClCompile>
    <ClCompile Include="src\GLee.c">
      <Filter>源文件</Filter>
    </ClCompile>
    <ClCompile Include="src\vmesh.cpp">
      <Filter>源文件</Filter>
    </ClCompile>
    <ClCompile Include="src\vrender.cpp">
      <Filter>源文件</Filter>
    </ClCompile>
    <ClCompile Include="src\vnodeselector.cpp">
      <Filter>源文件</Filter>
    </ClCompile>
    <ClCompile Include="src\vnode.cpp">
      <Filter>源文件</Filter>
    </ClCompile>
    <ClCompile Include="src\vmatrix.cpp">
      <Filter>源文件</Filter>
    </ClCompile>
    <ClCompile Include="src\vimport.cpp">
      <Filter>源文件</Filter>
    </ClCompile>
    <ClCompile Include="src\vglobaltools.cpp">
      <Filter>源文件</Filter>
    </ClCompile>
    <ClCompile Include="src\vcontrol.cpp">
      <Filter>源文件</Filter>
    </ClCompile>
    <ClCompile Include="src\main.cpp">
      <Filter>源文件</Filter>
    </ClCompile>
  </ItemGroup>
  <ItemGroup>
    <ClInclude Include="src\define.h">
      <Filter>头文件</Filter>
    </ClInclude>
    <ClInclude Include="src\GLee.h">
      <Filter>头文件</Filter>
    </ClInclude>
    <ClInclude Include="src\vaxisangle.h">
      <Filter>头文件</Filter>
    </ClInclude>
    <ClInclude Include="src\vboundbox.h">
      <Filter>头文件</Filter>
    </ClInclude>
    <ClInclude Include="src\vcamera.h">
      <Filter>头文件</Filter>
    </ClInclude>
    <ClInclude Include="src\vcontrol.h">
      <Filter>头文件</Filter>
    </ClInclude>
    <ClInclude Include="src\vface.h">
      <Filter>头文件</Filter>
    </ClInclude>
    <ClInclude Include="src\vglobaltools.h">
      <Filter>头文件</Filter>
    </ClInclude>
    <ClInclude Include="src\vimport.h">
      <Filter>头文件</Filter>
    </ClInclude>
    <ClInclude Include="src\vmatrix.h">
      <Filter>头文件</Filter>
    </ClInclude>
    <ClInclude Include="src\vmesh.h">
      <Filter>头文件</Filter>
    </ClInclude>
    <ClInclude Include="src\vnode.h">
      <Filter>头文件</Filter>
    </ClInclude>
    <ClInclude Include="src\vnodeselector.h">
      <Filter>头文件</Filter>
    </ClInclude>
    <ClInclude Include="src\vpoint.h">
      <Filter>头文件</Filter>
    </ClInclude>
    <ClInclude Include="src\vrender.h">
      <Filter>头文件</Filter>
    </ClInclude>
    <ClInclude Include="src\vscene.h">
      <Filter>头文件</Filter>
    </ClInclude>
  </ItemGroup>
  <ItemGroup>
    <Filter Include="源文件">
      <UniqueIdentifier>{84b3fd5a-7ddd-4db9-9011-7d8866f6574b}</UniqueIdentifier>
    </Filter>
    <Filter Include="头文件">
      <UniqueIdentifier>{b7d32ef3-637a-44e1-a9c0-327a30acc8ee}</UniqueIdentifier>
    </Filter>
  </ItemGroup>
</Project>